{
  "name": "@gabrielgrijalva/crypto-server-utils",
  "version": "1.0.2",
  "lockfileVersion": 2,
  "requires": true,
  "packages": {
    "": {
      "name": "@gabrielgrijalva/crypto-server-utils",
      "version": "1.0.2",
      "license": "ISC",
      "dependencies": {
        "@gabrielgrijalva/crypto-reporters": "^1.1.1",
        "moment": "^2.29.1"
      },
      "devDependencies": {
        "@types/node": "^17.0.21"
      }
    },
    "node_modules/@gabrielgrijalva/crypto-reporters": {
      "version": "1.1.1",
      "resolved": "https://registry.npmjs.org/@gabrielgrijalva/crypto-reporters/-/crypto-reporters-1.1.1.tgz",
      "integrity": "sha512-yKoYh9z9X5gIYpMTa/gOj99pd6uGfKWdv+GYAXAEe0jXS47b+y+CachyiSAeCcVaerRcv1eKuG/3gIT+q9hLcg==",
      "dependencies": {
        "@gabrielgrijalva/rest-request": "^1.0.2"
      }
    },
    "node_modules/@gabrielgrijalva/rest-request": {
      "version": "1.0.2",
      "resolved": "https://registry.npmjs.org/@gabrielgrijalva/rest-request/-/rest-request-1.0.2.tgz",
      "integrity": "sha512-MHK8k7aj+KoHa+dkk2e7Y6F0YIvxYmovVXwXDfD/6EW0MHKzzYAzeiyu5VzQWZkhdQRziy+BVGWIVcvM1JrNyQ=="
    },
    "node_modules/@types/node": {
      "version": "17.0.22",
      "resolved": "https://registry.npmjs.org/@types/node/-/node-17.0.22.tgz",
      "integrity": "sha512-8FwbVoG4fy+ykY86XCAclKZDORttqE5/s7dyWZKLXTdv3vRy5HozBEinG5IqhvPXXzIZEcTVbuHlQEI6iuwcmw==",
      "dev": true
    },
    "node_modules/moment": {
      "version": "2.29.1",
      "resolved": "https://registry.npmjs.org/moment/-/moment-2.29.1.tgz",
      "integrity": "sha512-kHmoybcPV8Sqy59DwNDY3Jefr64lK/by/da0ViFcuA4DH0vQg5Q6Ze5VimxkfQNSC+Mls/Kx53s7TjP1RhFEDQ==",
      "engines": {
        "node": "*"
      }
    }
  },
  "dependencies": {
    "@gabrielgrijalva/crypto-reporters": {
      "version": "1.1.1",
      "resolved": "https://registry.npmjs.org/@gabrielgrijalva/crypto-reporters/-/crypto-reporters-1.1.1.tgz",
      "integrity": "sha512-yKoYh9z9X5gIYpMTa/gOj99pd6uGfKWdv+GYAXAEe0jXS47b+y+CachyiSAeCcVaerRcv1eKuG/3gIT+q9hLcg==",
      "requires": {
        "@gabrielgrijalva/rest-request": "^1.0.2"
      }
    },
    "@gabrielgrijalva/rest-request": {
      "version": "1.0.2",
      "resolved": "https://registry.npmjs.org/@gabrielgrijalva/rest-request/-/rest-request-1.0.2.tgz",
      "integrity": "sha512-MHK8k7aj+KoHa+dkk2e7Y6F0YIvxYmovVXwXDfD/6EW0MHKzzYAzeiyu5VzQWZkhdQRziy+BVGWIVcvM1JrNyQ=="
    },
    "@types/node": {
      "version": "17.0.22",
      "resolved": "https://registry.npmjs.org/@types/node/-/node-17.0.22.tgz",
      "integrity": "sha512-8FwbVoG4fy+ykY86XCAclKZDORttqE5/s7dyWZKLXTdv3vRy5HozBEinG5IqhvPXXzIZEcTVbuHlQEI6iuwcmw==",
      "dev": true
    },
    "moment": {
      "version": "2.29.1",
      "resolved": "https://registry.npmjs.org/moment/-/moment-2.29.1.tgz",
      "integrity": "sha512-kHmoybcPV8Sqy59DwNDY3Jefr64lK/by/da0ViFcuA4DH0vQg5Q6Ze5VimxkfQNSC+Mls/Kx53s7TjP1RhFEDQ=="
    }
  }
}
